// !$*UTF8*$!
{
	archiveVersion = 1;
	classes = {
	};
	objectVersion = 50;
	objects = {

/* Begin PBXBuildFile section */
		526F923421E5F700001DE201 /* AppDelegate.swift in Sources */ = {isa = PBXBuildFile; fileRef = 526F923321E5F700001DE201 /* AppDelegate.swift */; };
		526F923921E5F700001DE201 /* Main.storyboard in Resources */ = {isa = PBXBuildFile; fileRef = 526F923721E5F700001DE201 /* Main.storyboard */; };
		526F923B21E5F701001DE201 /* Assets.xcassets in Resources */ = {isa = PBXBuildFile; fileRef = 526F923A21E5F701001DE201 /* Assets.xcassets */; };
		526F923E21E5F701001DE201 /* LaunchScreen.storyboard in Resources */ = {isa = PBXBuildFile; fileRef = 526F923C21E5F701001DE201 /* LaunchScreen.storyboard */; };
		526F924E21E60026001DE201 /* RootViewController.swift in Sources */ = {isa = PBXBuildFile; fileRef = 526F924C21E60026001DE201 /* RootViewController.swift */; };
		526F924F21E60026001DE201 /* RootViewModel.swift in Sources */ = {isa = PBXBuildFile; fileRef = 526F924D21E60026001DE201 /* RootViewModel.swift */; };
		526F925221E60092001DE201 /* Utils.swift in Sources */ = {isa = PBXBuildFile; fileRef = 526F925121E60092001DE201 /* Utils.swift */; };
		55B75622D044E32642E28CE3 /* libPods-Movie App.a in Frameworks */ = {isa = PBXBuildFile; fileRef = 71E04B7F5D13D18FD2632E6C /* libPods-Movie App.a */; };
/* End PBXBuildFile section */

/* Begin PBXFileReference section */
		115CB621716125BCE06508C8 /* Pods-Movie App.debug.xcconfig */ = {isa = PBXFileReference; includeInIndex = 1; lastKnownFileType = text.xcconfig; name = "Pods-Movie App.debug.xcconfig"; path = "Pods/Target Support Files/Pods-Movie App/Pods-Movie App.debug.xcconfig"; sourceTree = "<group>"; };
		526F923021E5F700001DE201 /* Movie App.app */ = {isa = PBXFileReference; explicitFileType = wrapper.application; includeInIndex = 0; path = "Movie App.app"; sourceTree = BUILT_PRODUCTS_DIR; };
		526F923321E5F700001DE201 /* AppDelegate.swift */ = {isa = PBXFileReference; lastKnownFileType = sourcecode.swift; path = AppDelegate.swift; sourceTree = "<group>"; };
		526F923821E5F700001DE201 /* Base */ = {isa = PBXFileReference; lastKnownFileType = file.storyboard; name = Base; path = Base.lproj/Main.storyboard; sourceTree = "<group>"; };
		526F923A21E5F701001DE201 /* Assets.xcassets */ = {isa = PBXFileReference; lastKnownFileType = folder.assetcatalog; path = Assets.xcassets; sourceTree = "<group>"; };
		526F923D21E5F701001DE201 /* Base */ = {isa = PBXFileReference; lastKnownFileType = file.storyboard; name = Base; path = Base.lproj/LaunchScreen.storyboard; sourceTree = "<group>"; };
		526F923F21E5F701001DE201 /* Info.plist */ = {isa = PBXFileReference; lastKnownFileType = text.plist.xml; path = Info.plist; sourceTree = "<group>"; };
		526F924C21E60026001DE201 /* RootViewController.swift */ = {isa = PBXFileReference; fileEncoding = 4; lastKnownFileType = sourcecode.swift; path = RootViewController.swift; sourceTree = "<group>"; };
		526F924D21E60026001DE201 /* RootViewModel.swift */ = {isa = PBXFileReference; fileEncoding = 4; lastKnownFileType = sourcecode.swift; path = RootViewModel.swift; sourceTree = "<group>"; };
		526F925121E60092001DE201 /* Utils.swift */ = {isa = PBXFileReference; lastKnownFileType = sourcecode.swift; path = Utils.swift; sourceTree = "<group>"; };
		71E04B7F5D13D18FD2632E6C /* libPods-Movie App.a */ = {isa = PBXFileReference; explicitFileType = archive.ar; includeInIndex = 0; path = "libPods-Movie App.a"; sourceTree = BUILT_PRODUCTS_DIR; };
		D2CF4252AF13B5B8A3EAD575 /* Pods-Movie App.release.xcconfig */ = {isa = PBXFileReference; includeInIndex = 1; lastKnownFileType = text.xcconfig; name = "Pods-Movie App.release.xcconfig"; path = "Pods/Target Support Files/Pods-Movie App/Pods-Movie App.release.xcconfig"; sourceTree = "<group>"; };
/* End PBXFileReference section */

/* Begin PBXFrameworksBuildPhase section */
		526F922D21E5F700001DE201 /* Frameworks */ = {
			isa = PBXFrameworksBuildPhase;
			buildActionMask = 2147483647;
			files = (
				55B75622D044E32642E28CE3 /* libPods-Movie App.a in Frameworks */,
			);
			runOnlyForDeploymentPostprocessing = 0;
		};
/* End PBXFrameworksBuildPhase section */

/* Begin PBXGroup section */
		03A5172425A85C9684D880B1 /* Pods */ = {
			isa = PBXGroup;
			children = (
				115CB621716125BCE06508C8 /* Pods-Movie App.debug.xcconfig */,
				D2CF4252AF13B5B8A3EAD575 /* Pods-Movie App.release.xcconfig */,
			);
			name = Pods;
			sourceTree = "<group>";
		};
		526F922721E5F700001DE201 = {
			isa = PBXGroup;
			children = (
				526F923221E5F700001DE201 /* Movie App */,
				526F923121E5F700001DE201 /* Products */,
				03A5172425A85C9684D880B1 /* Pods */,
				D3989B439C05AD57B08F0BE4 /* Frameworks */,
			);
			sourceTree = "<group>";
		};
		526F923121E5F700001DE201 /* Products */ = {
			isa = PBXGroup;
			children = (
				526F923021E5F700001DE201 /* Movie App.app */,
			);
			name = Products;
			sourceTree = "<group>";
		};
		526F923221E5F700001DE201 /* Movie App */ = {
			isa = PBXGroup;
			children = (
				526F925021E6004B001DE201 /* Componants */,
				526F924A21E60001001DE201 /* ViewModelController */,
				526F923321E5F700001DE201 /* AppDelegate.swift */,
				526F923721E5F700001DE201 /* Main.storyboard */,
				526F923A21E5F701001DE201 /* Assets.xcassets */,
				526F923C21E5F701001DE201 /* LaunchScreen.storyboard */,
				526F923F21E5F701001DE201 /* Info.plist */,
			);
			path = "Movie App";
			sourceTree = "<group>";
		};
		526F924A21E60001001DE201 /* ViewModelController */ = {
			isa = PBXGroup;
			children = (
				526F924B21E60026001DE201 /* RootViewModel */,
			);
			path = ViewModelController;
			sourceTree = "<group>";
		};
		526F924B21E60026001DE201 /* RootViewModel */ = {
			isa = PBXGroup;
			children = (
				526F924C21E60026001DE201 /* RootViewController.swift */,
				526F924D21E60026001DE201 /* RootViewModel.swift */,
			);
			path = RootViewModel;
			sourceTree = "<group>";
		};
		526F925021E6004B001DE201 /* Componants */ = {
			isa = PBXGroup;
			children = (
				526F925121E60092001DE201 /* Utils.swift */,
			);
			path = Componants;
			sourceTree = "<group>";
		};
		D3989B439C05AD57B08F0BE4 /* Frameworks */ = {
			isa = PBXGroup;
			children = (
				71E04B7F5D13D18FD2632E6C /* libPods-Movie App.a */,
			);
			name = Frameworks;
			sourceTree = "<group>";
		};
/* End PBXGroup section */

/* Begin PBXNativeTarget section */
		526F922F21E5F700001DE201 /* Movie App */ = {
			isa = PBXNativeTarget;
			buildConfigurationList = 526F924221E5F701001DE201 /* Build configuration list for PBXNativeTarget "Movie App" */;
			buildPhases = (
				DA2CFF4F81A16914F15FF838 /* [CP] Check Pods Manifest.lock */,
				526F922C21E5F700001DE201 /* Sources */,
				526F922D21E5F700001DE201 /* Frameworks */,
				526F922E21E5F700001DE201 /* Resources */,
				CF3FD7472408FDDD90E81B7C /* [CP] Copy Pods Resources */,
			);
			buildRules = (
			);
			dependencies = (
			);
			name = "Movie App";
			productName = "Movie App";
			productReference = 526F923021E5F700001DE201 /* Movie App.app */;
			productType = "com.apple.product-type.application";
		};
/* End PBXNativeTarget section */

/* Begin PBXProject section */
		526F922821E5F700001DE201 /* Project object */ = {
			isa = PBXProject;
			attributes = {
				LastSwiftUpdateCheck = 0940;
				LastUpgradeCheck = 0940;
				ORGANIZATIONNAME = MAC193;
				TargetAttributes = {
					526F922F21E5F700001DE201 = {
						CreatedOnToolsVersion = 9.4;
					};
				};
			};
			buildConfigurationList = 526F922B21E5F700001DE201 /* Build configuration list for PBXProject "Movie App" */;
			compatibilityVersion = "Xcode 9.3";
			developmentRegion = en;
			hasScannedForEncodings = 0;
			knownRegions = (
				en,
				Base,
			);
			mainGroup = 526F922721E5F700001DE201;
			productRefGroup = 526F923121E5F700001DE201 /* Products */;
			projectDirPath = "";
			projectRoot = "";
			targets = (
				526F922F21E5F700001DE201 /* Movie App */,
			);
		};
/* End PBXProject section */

/* Begin PBXResourcesBuildPhase section */
		526F922E21E5F700001DE201 /* Resources */ = {
			isa = PBXResourcesBuildPhase;
			buildActionMask = 2147483647;
			files = (
				526F923E21E5F701001DE201 /* LaunchScreen.storyboard in Resources */,
				526F923B21E5F701001DE201 /* Assets.xcassets in Resources */,
				526F923921E5F700001DE201 /* Main.storyboard in Resources */,
			);
			runOnlyForDeploymentPostprocessing = 0;
		};
/* End PBXResourcesBuildPhase section */

/* Begin PBXShellScriptBuildPhase section */
		CF3FD7472408FDDD90E81B7C /* [CP] Copy Pods Resources */ = {
			isa = PBXShellScriptBuildPhase;
			buildActionMask = 2147483647;
			files = (
			);
			inputPaths = (
				"${SRCROOT}/Pods/Target Support Files/Pods-Movie App/Pods-Movie App-resources.sh",
				"${PODS_CONFIGURATION_BUILD_DIR}/SwiftMessages/SwiftMessages.bundle",
			);
			name = "[CP] Copy Pods Resources";
			outputPaths = (
				"${TARGET_BUILD_DIR}/${UNLOCALIZED_RESOURCES_FOLDER_PATH}/SwiftMessages.bundle",
			);
			runOnlyForDeploymentPostprocessing = 0;
			shellPath = /bin/sh;
			shellScript = "\"${SRCROOT}/Pods/Target Support Files/Pods-Movie App/Pods-Movie App-resources.sh\"\n";
			showEnvVarsInLog = 0;
		};
		DA2CFF4F81A16914F15FF838 /* [CP] Check Pods Manifest.lock */ = {
			isa = PBXShellScriptBuildPhase;
			buildActionMask = 2147483647;
			files = (
			);
			inputPaths = (
				"${PODS_PODFILE_DIR_PATH}/Podfile.lock",
				"${PODS_ROOT}/Manifest.lock",
			);
			name = "[CP] Check Pods Manifest.lock";
			outputPaths = (
				"$(DERIVED_FILE_DIR)/Pods-Movie App-checkManifestLockResult.txt",
			);
			runOnlyForDeploymentPostprocessing = 0;
			shellPath = /bin/sh;
			shellScript = "diff \"${PODS_PODFILE_DIR_PATH}/Podfile.lock\" \"${PODS_ROOT}/Manifest.lock\" > /dev/null\nif [ $? != 0 ] ; then\n    # print error to STDERR\n    echo \"error: The sandbox is not in sync with the Podfile.lock. Run 'pod install' or update your CocoaPods installation.\" >&2\n    exit 1\nfi\n# This output is used by Xcode 'outputs' to avoid re-running this script phase.\necho \"SUCCESS\" > \"${SCRIPT_OUTPUT_FILE_0}\"\n";
			showEnvVarsInLog = 0;
		};
/* End PBXShellScriptBuildPhase section */

/* Begin PBXSourcesBuildPhase section */
		526F922C21E5F700001DE201 /* Sources */ = {
			isa = PBXSourcesBuildPhase;
			buildActionMask = 2147483647;
			files = (
				526F924E21E60026001DE201 /* RootViewController.swift in Sources */,
				526F924F21E60026001DE201 /* RootViewModel.swift in Sources */,
				526F923421E5F700001DE201 /* AppDelegate.swift in Sources */,
				526F925221E60092001DE201 /* Utils.swift in Sources */,
			);
			runOnlyForDeploymentPostprocessing = 0;
		};
/* End PBXSourcesBuildPhase section */

/* Begin PBXVariantGroup section */
		526F923721E5F700001DE201 /* Main.storyboard */ = {
			isa = PBXVariantGroup;
			children = (
				526F923821E5F700001DE201 /* Base */,
			);
			name = Main.storyboard;
			sourceTree = "<group>";
		};
		526F923C21E5F701001DE201 /* LaunchScreen.storyboard */ = {
			isa = PBXVariantGroup;
			children = (
				526F923D21E5F701001DE201 /* Base */,
			);
			name = LaunchScreen.storyboard;
			sourceTree = "<group>";
		};
/* End PBXVariantGroup section */

/* Begin XCBuildConfiguration section */
		526F924021E5F701001DE201 /* Debug */ = {
			isa = XCBuildConfiguration;
			buildSettings = {
				ALWAYS_SEARCH_USER_PATHS = NO;
				CLANG_ANALYZER_NONNULL = YES;
				CLANG_ANALYZER_NUMBER_OBJECT_CONVERSION = YES_AGGRESSIVE;
				CLANG_CXX_LANGUAGE_STANDARD = "gnu++14";
				CLANG_CXX_LIBRARY = "libc++";
				CLANG_ENABLE_MODULES = YES;
				CLANG_ENABLE_OBJC_ARC = YES;
				CLANG_ENABLE_OBJC_WEAK = YES;
				CLANG_WARN_BLOCK_CAPTURE_AUTORELEASING = YES;
				CLANG_WARN_BOOL_CONVERSION = YES;
				CLANG_WARN_COMMA = YES;
				CLANG_WARN_CONSTANT_CONVERSION = YES;
				CLANG_WARN_DEPRECATED_OBJC_IMPLEMENTATIONS = YES;
				CLANG_WARN_DIRECT_OBJC_ISA_USAGE = YES_ERROR;
				CLANG_WARN_DOCUMENTATION_COMMENTS = YES;
				CLANG_WARN_EMPTY_BODY = YES;
				CLANG_WARN_ENUM_CONVERSION = YES;
				CLANG_WARN_INFINITE_RECURSION = YES;
				CLANG_WARN_INT_CONVERSION = YES;
				CLANG_WARN_NON_LITERAL_NULL_CONVERSION = YES;
				CLANG_WARN_OBJC_IMPLICIT_RETAIN_SELF = YES;
				CLANG_WARN_OBJC_LITERAL_CONVERSION = YES;
				CLANG_WARN_OBJC_ROOT_CLASS = YES_ERROR;
				CLANG_WARN_RANGE_LOOP_ANALYSIS = YES;
				CLANG_WARN_STRICT_PROTOTYPES = YES;
				CLANG_WARN_SUSPICIOUS_MOVE = YES;
				CLANG_WARN_UNGUARDED_AVAILABILITY = YES_AGGRESSIVE;
				CLANG_WARN_UNREACHABLE_CODE = YES;
				CLANG_WARN__DUPLICATE_METHOD_MATCH = YES;
				CODE_SIGN_IDENTITY = "iPhone Developer";
				COPY_PHASE_STRIP = NO;
				DEBUG_INFORMATION_FORMAT = dwarf;
				ENABLE_STRICT_OBJC_MSGSEND = YES;
				ENABLE_TESTABILITY = YES;
				GCC_C_LANGUAGE_STANDARD = gnu11;
				GCC_DYNAMIC_NO_PIC = NO;
				GCC_NO_COMMON_BLOCKS = YES;
				GCC_OPTIMIZATION_LEVEL = 0;
				GCC_PREPROCESSOR_DEFINITIONS = (
					"DEBUG=1",
					"$(inherited)",
				);
				GCC_WARN_64_TO_32_BIT_CONVERSION = YES;
				GCC_WARN_ABOUT_RETURN_TYPE = YES_ERROR;
				GCC_WARN_UNDECLARED_SELECTOR = YES;
				GCC_WARN_UNINITIALIZED_AUTOS = YES_AGGRESSIVE;
				GCC_WARN_UNUSED_FUNCTION = YES;
				GCC_WARN_UNUSED_VARIABLE = YES;
				IPHONEOS_DEPLOYMENT_TARGET = 11.4;
				MTL_ENABLE_DEBUG_INFO = YES;
				ONLY_ACTIVE_ARCH = YES;
				SDKROOT = iphoneos;
				SWIFT_ACTIVE_COMPILATION_CONDITIONS = DEBUG;
				SWIFT_OPTIMIZATION_LEVEL = "-Onone";
			};
			name = Debug;
		};
		526F924121E5F701001DE201 /* Release */ = {
			isa = XCBuildConfiguration;
			buildSettings = {
				ALWAYS_SEARCH_USER_PATHS = NO;
				CLANG_ANALYZER_NONNULL = YES;
				CLANG_ANALYZER_NUMBER_OBJECT_CONVERSION = YES_AGGRESSIVE;
				CLANG_CXX_LANGUAGE_STANDARD = "gnu++14";
				CLANG_CXX_LIBRARY = "libc++";
				CLANG_ENABLE_MODULES = YES;
				CLANG_ENABLE_OBJC_ARC = YES;
				CLANG_ENABLE_OBJC_WEAK = YES;
				CLANG_WARN_BLOCK_CAPTURE_AUTORELEASING = YES;
				CLANG_WARN_BOOL_CONVERSION = YES;
				CLANG_WARN_COMMA = YES;
				CLANG_WARN_CONSTANT_CONVERSION = YES;
				CLANG_WARN_DEPRECATED_OBJC_IMPLEMENTATIONS = YES;
				CLANG_WARN_DIRECT_OBJC_ISA_USAGE = YES_ERROR;
				CLANG_WARN_DOCUMENTATION_COMMENTS = YES;
				CLANG_WARN_EMPTY_BODY = YES;
				CLANG_WARN_ENUM_CONVERSION = YES;
				CLANG_WARN_INFINITE_RECURSION = YES;
				CLANG_WARN_INT_CONVERSION = YES;
				CLANG_WARN_NON_LITERAL_NULL_CONVERSION = YES;
				CLANG_WARN_OBJC_IMPLICIT_RETAIN_SELF = YES;
				CLANG_WARN_OBJC_LITERAL_CONVERSION = YES;
				CLANG_WARN_OBJC_ROOT_CLASS = YES_ERROR;
				CLANG_WARN_RANGE_LOOP_ANALYSIS = YES;
				CLANG_WARN_STRICT_PROTOTYPES = YES;
				CLANG_WARN_SUSPICIOUS_MOVE = YES;
				CLANG_WARN_UNGUARDED_AVAILABILITY = YES_AGGRESSIVE;
				CLANG_WARN_UNREACHABLE_CODE = YES;
				CLANG_WARN__DUPLICATE_METHOD_MATCH = YES;
				CODE_SIGN_IDENTITY = "iPhone Developer";
				COPY_PHASE_STRIP = NO;
				DEBUG_INFORMATION_FORMAT = "dwarf-with-dsym";
				ENABLE_NS_ASSERTIONS = NO;
				ENABLE_STRICT_OBJC_MSGSEND = YES;
				GCC_C_LANGUAGE_STANDARD = gnu11;
				GCC_NO_COMMON_BLOCKS = YES;
				GCC_WARN_64_TO_32_BIT_CONVERSION = YES;
				GCC_WARN_ABOUT_RETURN_TYPE = YES_ERROR;
				GCC_WARN_UNDECLARED_SELECTOR = YES;
				GCC_WARN_UNINITIALIZED_AUTOS = YES_AGGRESSIVE;
				GCC_WARN_UNUSED_FUNCTION = YES;
				GCC_WARN_UNUSED_VARIABLE = YES;
				IPHONEOS_DEPLOYMENT_TARGET = 11.4;
				MTL_ENABLE_DEBUG_INFO = NO;
				SDKROOT = iphoneos;
				SWIFT_COMPILATION_MODE = wholemodule;
				SWIFT_OPTIMIZATION_LEVEL = "-O";
				VALIDATE_PRODUCT = YES;
			};
			name = Release;
		};
		526F924321E5F701001DE201 /* Debug */ = {
			isa = XCBuildConfiguration;
			baseConfigurationReference = 115CB621716125BCE06508C8 /* Pods-Movie App.debug.xcconfig */;
			buildSettings = {
				ASSETCATALOG_COMPILER_APPICON_NAME = AppIcon;
				CODE_SIGN_STYLE = Automatic;
				INFOPLIST_FILE = "Movie App/Info.plist";
				LD_RUNPATH_SEARCH_PATHS = (
					"$(inherited)",
					"@executable_path/Frameworks",
				);
				PRODUCT_BUNDLE_IDENTIFIER = "com.bkpagecontrol.Movie-App";
				PRODUCT_NAME = "$(TARGET_NAME)";
				SWIFT_VERSION = 4.0;
				TARGETED_DEVICE_FAMILY = "1,2";
			};
			name = Debug;
		};
		526F924421E5F701001DE201 /* Release */ = {
			isa = XCBuildConfiguration;
			baseConfigurationReference = D2CF4252AF13B5B8A3EAD575 /* Pods-Movie App.release.xcconfig */;
			buildSettings = {
				ASSETCATALOG_COMPILER_APPICON_NAME = AppIcon;
				CODE_SIGN_STYLE = Automatic;
				INFOPLIST_FILE = "Movie App/Info.plist";
				LD_RUNPATH_SEARCH_PATHS = (
					"$(inherited)",
					"@executable_path/Frameworks",
				);
				PRODUCT_BUNDLE_IDENTIFIER = "com.bkpagecontrol.Movie-App";
				PRODUCT_NAME = "$(TARGET_NAME)";
				SWIFT_VERSION = 4.0;
				TARGETED_DEVICE_FAMILY = "1,2";
			};
			name = Release;
		};
/* End XCBuildConfiguration section */

/* Begin XCConfigurationList section */
		526F922B21E5F700001DE201 /* Build configuration list for PBXProject "Movie App" */ = {
			isa = XCConfigurationList;
			buildConfigurations = (
				526F924021E5F701001DE201 /* Debug */,
				526F924121E5F701001DE201 /* Release */,
			);
			defaultConfigurationIsVisible = 0;
			defaultConfigurationName = Release;
		};
		526F924221E5F701001DE201 /* Build configuration list for PBXNativeTarget "Movie App" */ = {
			isa = XCConfigurationList;
			buildConfigurations = (
				526F924321E5F701001DE201 /* Debug */,
				526F924421E5F701001DE201 /* Release */,
			);
			defaultConfigurationIsVisible = 0;
			defaultConfigurationName = Release;
		};
/* End XCConfigurationList section */
	};
	rootObject = 526F922821E5F700001DE201 /* Project object */;
}
